// !$*UTF8*$!
{
	archiveVersion = 1;
	classes = {
	};
	objectVersion = 50;
	objects = {

/* Begin PBXBuildFile section */
		5D4B73F025BE8492004417B3 /* AppDelegate.swift in Sources */ = {isa = PBXBuildFile; fileRef = 5D4B73EF25BE8492004417B3 /* AppDelegate.swift */; };
		5D4B73F225BE8492004417B3 /* SceneDelegate.swift in Sources */ = {isa = PBXBuildFile; fileRef = 5D4B73F125BE8492004417B3 /* SceneDelegate.swift */; };
		5D4B73F425BE8492004417B3 /* MainViewController.swift in Sources */ = {isa = PBXBuildFile; fileRef = 5D4B73F325BE8492004417B3 /* MainViewController.swift */; };
		5D4B73F725BE8492004417B3 /* Main.storyboard in Resources */ = {isa = PBXBuildFile; fileRef = 5D4B73F525BE8492004417B3 /* Main.storyboard */; };
		5D4B73FA25BE8492004417B3 /* TVApp.xcdatamodeld in Sources */ = {isa = PBXBuildFile; fileRef = 5D4B73F825BE8492004417B3 /* TVApp.xcdatamodeld */; };
		5D4B73FC25BE8495004417B3 /* Assets.xcassets in Resources */ = {isa = PBXBuildFile; fileRef = 5D4B73FB25BE8495004417B3 /* Assets.xcassets */; };
		5D4B73FF25BE8495004417B3 /* LaunchScreen.storyboard in Resources */ = {isa = PBXBuildFile; fileRef = 5D4B73FD25BE8495004417B3 /* LaunchScreen.storyboard */; };
		5D4CE93F25BFB09300C9B730 /* ViewController+tabBarHeight.swift in Sources */ = {isa = PBXBuildFile; fileRef = 5D4CE93E25BFB09300C9B730 /* ViewController+tabBarHeight.swift */; };
		5D4CE94B25BFD5DD00C9B730 /* MainTopView.xib in Resources */ = {isa = PBXBuildFile; fileRef = 5D4CE94A25BFD5DD00C9B730 /* MainTopView.xib */; };
		5D4CE96B25C0050A00C9B730 /* TvCollectionViewCell.xib in Resources */ = {isa = PBXBuildFile; fileRef = 5D4CE96925C0050A00C9B730 /* TvCollectionViewCell.xib */; };
		5D4CE97025C0186500C9B730 /* TvCollectionViewCell copy.swift in Sources */ = {isa = PBXBuildFile; fileRef = 5D4CE96F25C0186400C9B730 /* TvCollectionViewCell copy.swift */; };
		5D4CE97625C04C6400C9B730 /* Network.swift in Sources */ = {isa = PBXBuildFile; fileRef = 5D4CE97525C04C6400C9B730 /* Network.swift */; };
		5D4CE97A25C04D8C00C9B730 /* TvModel.swift in Sources */ = {isa = PBXBuildFile; fileRef = 5D4CE97925C04D8C00C9B730 /* TvModel.swift */; };
		5D4CE97D25C055B700C9B730 /* TvUseCase.swift in Sources */ = {isa = PBXBuildFile; fileRef = 5D4CE97C25C055B700C9B730 /* TvUseCase.swift */; };
		5D4CE98225C0F48500C9B730 /* DataManager.swift in Sources */ = {isa = PBXBuildFile; fileRef = 5D4CE98125C0F48500C9B730 /* DataManager.swift */; };
		5D4CE98725C107EA00C9B730 /* live.json in Resources */ = {isa = PBXBuildFile; fileRef = 5D4CE98525C107EA00C9B730 /* live.json */; };
		5D4CE98825C107EA00C9B730 /* original.json in Resources */ = {isa = PBXBuildFile; fileRef = 5D4CE98625C107EA00C9B730 /* original.json */; };
		5D4CE98B25C1093D00C9B730 /* TvCollectionView.swift in Sources */ = {isa = PBXBuildFile; fileRef = 5D4CE98A25C1093D00C9B730 /* TvCollectionView.swift */; };
		5D4CE99425C1A6D000C9B730 /* TvCollectionViewCellModel.swift in Sources */ = {isa = PBXBuildFile; fileRef = 5D4CE99325C1A6D000C9B730 /* TvCollectionViewCellModel.swift */; };
		5D4CE99F25C2656F00C9B730 /* MainTopView.swift in Sources */ = {isa = PBXBuildFile; fileRef = 5D4CE99E25C2656F00C9B730 /* MainTopView.swift */; };
		5D4CE9A325C2786900C9B730 /* MainViewControllerAutoLayout.swift in Sources */ = {isa = PBXBuildFile; fileRef = 5D4CE9A225C2786900C9B730 /* MainViewControllerAutoLayout.swift */; };
		5D4CE9A825C2941A00C9B730 /* TvModelController.swift in Sources */ = {isa = PBXBuildFile; fileRef = 5D4CE9A725C2941A00C9B730 /* TvModelController.swift */; };
		5D50EE2E25C2FA4F0049034B /* TouchHandler.swift in Sources */ = {isa = PBXBuildFile; fileRef = 5D50EE2D25C2FA4F0049034B /* TouchHandler.swift */; };
		5D50EE3D25C3FC2E0049034B /* CoreDataManager.swift in Sources */ = {isa = PBXBuildFile; fileRef = 5D50EE3C25C3FC2E0049034B /* CoreDataManager.swift */; };
		5D50EE4125C3FD030049034B /* FavoriteTableViewController.swift in Sources */ = {isa = PBXBuildFile; fileRef = 5D50EE4025C3FD030049034B /* FavoriteTableViewController.swift */; };
/* End PBXBuildFile section */

/* Begin PBXFileReference section */
		5D4B73EC25BE8492004417B3 /* TVApp.app */ = {isa = PBXFileReference; explicitFileType = wrapper.application; includeInIndex = 0; path = TVApp.app; sourceTree = BUILT_PRODUCTS_DIR; };
		5D4B73EF25BE8492004417B3 /* AppDelegate.swift */ = {isa = PBXFileReference; lastKnownFileType = sourcecode.swift; path = AppDelegate.swift; sourceTree = "<group>"; };
		5D4B73F125BE8492004417B3 /* SceneDelegate.swift */ = {isa = PBXFileReference; lastKnownFileType = sourcecode.swift; path = SceneDelegate.swift; sourceTree = "<group>"; };
		5D4B73F325BE8492004417B3 /* MainViewController.swift */ = {isa = PBXFileReference; lastKnownFileType = sourcecode.swift; path = MainViewController.swift; sourceTree = "<group>"; };
		5D4B73F625BE8492004417B3 /* Base */ = {isa = PBXFileReference; lastKnownFileType = file.storyboard; name = Base; path = Base.lproj/Main.storyboard; sourceTree = "<group>"; };
		5D4B73F925BE8492004417B3 /* TVApp.xcdatamodel */ = {isa = PBXFileReference; lastKnownFileType = wrapper.xcdatamodel; path = TVApp.xcdatamodel; sourceTree = "<group>"; };
		5D4B73FB25BE8495004417B3 /* Assets.xcassets */ = {isa = PBXFileReference; lastKnownFileType = folder.assetcatalog; path = Assets.xcassets; sourceTree = "<group>"; };
		5D4B73FE25BE8495004417B3 /* Base */ = {isa = PBXFileReference; lastKnownFileType = file.storyboard; name = Base; path = Base.lproj/LaunchScreen.storyboard; sourceTree = "<group>"; };
		5D4B740025BE8495004417B3 /* Info.plist */ = {isa = PBXFileReference; lastKnownFileType = text.plist.xml; path = Info.plist; sourceTree = "<group>"; };
		5D4CE93E25BFB09300C9B730 /* ViewController+tabBarHeight.swift */ = {isa = PBXFileReference; lastKnownFileType = sourcecode.swift; path = "ViewController+tabBarHeight.swift"; sourceTree = "<group>"; };
		5D4CE94A25BFD5DD00C9B730 /* MainTopView.xib */ = {isa = PBXFileReference; lastKnownFileType = file.xib; path = MainTopView.xib; sourceTree = "<group>"; };
		5D4CE96925C0050A00C9B730 /* TvCollectionViewCell.xib */ = {isa = PBXFileReference; lastKnownFileType = file.xib; path = TvCollectionViewCell.xib; sourceTree = "<group>"; };
		5D4CE96F25C0186400C9B730 /* TvCollectionViewCell copy.swift */ = {isa = PBXFileReference; lastKnownFileType = sourcecode.swift; path = "TvCollectionViewCell copy.swift"; sourceTree = "<group>"; };
		5D4CE97525C04C6400C9B730 /* Network.swift */ = {isa = PBXFileReference; lastKnownFileType = sourcecode.swift; path = Network.swift; sourceTree = "<group>"; };
		5D4CE97925C04D8C00C9B730 /* TvModel.swift */ = {isa = PBXFileReference; lastKnownFileType = sourcecode.swift; path = TvModel.swift; sourceTree = "<group>"; };
		5D4CE97C25C055B700C9B730 /* TvUseCase.swift */ = {isa = PBXFileReference; lastKnownFileType = sourcecode.swift; path = TvUseCase.swift; sourceTree = "<group>"; };
		5D4CE98125C0F48500C9B730 /* DataManager.swift */ = {isa = PBXFileReference; lastKnownFileType = sourcecode.swift; path = DataManager.swift; sourceTree = "<group>"; };
		5D4CE98525C107EA00C9B730 /* live.json */ = {isa = PBXFileReference; fileEncoding = 4; lastKnownFileType = text.json; name = live.json; path = ../../../../../../Downloads/live.json; sourceTree = "<group>"; };
		5D4CE98625C107EA00C9B730 /* original.json */ = {isa = PBXFileReference; fileEncoding = 4; lastKnownFileType = text.json; name = original.json; path = ../../../../../../Downloads/original.json; sourceTree = "<group>"; };
		5D4CE98A25C1093D00C9B730 /* TvCollectionView.swift */ = {isa = PBXFileReference; lastKnownFileType = sourcecode.swift; path = TvCollectionView.swift; sourceTree = "<group>"; };
		5D4CE99325C1A6D000C9B730 /* TvCollectionViewCellModel.swift */ = {isa = PBXFileReference; lastKnownFileType = sourcecode.swift; path = TvCollectionViewCellModel.swift; sourceTree = "<group>"; };
		5D4CE99E25C2656F00C9B730 /* MainTopView.swift */ = {isa = PBXFileReference; fileEncoding = 4; lastKnownFileType = sourcecode.swift; name = MainTopView.swift; path = TVApp/TVCollection/View/MainTopView.swift; sourceTree = SOURCE_ROOT; };
		5D4CE9A225C2786900C9B730 /* MainViewControllerAutoLayout.swift */ = {isa = PBXFileReference; lastKnownFileType = sourcecode.swift; path = MainViewControllerAutoLayout.swift; sourceTree = "<group>"; };
		5D4CE9A725C2941A00C9B730 /* TvModelController.swift */ = {isa = PBXFileReference; lastKnownFileType = sourcecode.swift; path = TvModelController.swift; sourceTree = "<group>"; };
		5D50EE2D25C2FA4F0049034B /* TouchHandler.swift */ = {isa = PBXFileReference; lastKnownFileType = sourcecode.swift; path = TouchHandler.swift; sourceTree = "<group>"; };
		5D50EE3C25C3FC2E0049034B /* CoreDataManager.swift */ = {isa = PBXFileReference; lastKnownFileType = sourcecode.swift; path = CoreDataManager.swift; sourceTree = "<group>"; };
		5D50EE4025C3FD030049034B /* FavoriteTableViewController.swift */ = {isa = PBXFileReference; lastKnownFileType = sourcecode.swift; path = FavoriteTableViewController.swift; sourceTree = "<group>"; };
/* End PBXFileReference section */

/* Begin PBXFrameworksBuildPhase section */
		5D4B73E925BE8492004417B3 /* Frameworks */ = {
			isa = PBXFrameworksBuildPhase;
			buildActionMask = 2147483647;
			files = (
			);
			runOnlyForDeploymentPostprocessing = 0;
		};
/* End PBXFrameworksBuildPhase section */

/* Begin PBXGroup section */
		5D4B73E325BE8492004417B3 = {
			isa = PBXGroup;
			children = (
				5D4B73EE25BE8492004417B3 /* TVApp */,
				5D4B73ED25BE8492004417B3 /* Products */,
			);
			sourceTree = "<group>";
		};
		5D4B73ED25BE8492004417B3 /* Products */ = {
			isa = PBXGroup;
			children = (
				5D4B73EC25BE8492004417B3 /* TVApp.app */,
			);
			name = Products;
			sourceTree = "<group>";
		};
		5D4B73EE25BE8492004417B3 /* TVApp */ = {
			isa = PBXGroup;
			children = (
				5D50EE3F25C3FCCF0049034B /* FavoritesTable */,
				5D50EE3025C2FC4C0049034B /* Service */,
				5D4CE98425C107E200C9B730 /* Asset */,
				5D4CE98025C0F47300C9B730 /* Data */,
				5D4CE97425C04C5300C9B730 /* Network */,
				5D4CE97325C04BB300C9B730 /* Model */,
				5D4CE93D25BFB07200C9B730 /* Extensions */,
				5D4CE93725BFA9AA00C9B730 /* TVCollection */,
				5D4B73EF25BE8492004417B3 /* AppDelegate.swift */,
				5D4B73F125BE8492004417B3 /* SceneDelegate.swift */,
				5D4B73F525BE8492004417B3 /* Main.storyboard */,
				5D4B73FB25BE8495004417B3 /* Assets.xcassets */,
				5D4B73FD25BE8495004417B3 /* LaunchScreen.storyboard */,
				5D4B740025BE8495004417B3 /* Info.plist */,
				5D4B73F825BE8492004417B3 /* TVApp.xcdatamodeld */,
			);
			path = TVApp;
			sourceTree = "<group>";
		};
		5D4CE93725BFA9AA00C9B730 /* TVCollection */ = {
			isa = PBXGroup;
			children = (
				5D4CE9A625C293D400C9B730 /* Controller */,
				5D4CE9A525C293CE00C9B730 /* View */,
				5D4CE99125C1A4FF00C9B730 /* ViewModel */,
			);
			path = TVCollection;
			sourceTree = "<group>";
		};
		5D4CE93D25BFB07200C9B730 /* Extensions */ = {
			isa = PBXGroup;
			children = (
				5D4CE93E25BFB09300C9B730 /* ViewController+tabBarHeight.swift */,
			);
			path = Extensions;
			sourceTree = "<group>";
		};
		5D4CE97325C04BB300C9B730 /* Model */ = {
			isa = PBXGroup;
			children = (
				5D4CE97925C04D8C00C9B730 /* TvModel.swift */,
				5D4CE97C25C055B700C9B730 /* TvUseCase.swift */,
			);
			path = Model;
			sourceTree = "<group>";
		};
		5D4CE97425C04C5300C9B730 /* Network */ = {
			isa = PBXGroup;
			children = (
				5D4CE97525C04C6400C9B730 /* Network.swift */,
			);
			path = Network;
			sourceTree = "<group>";
		};
		5D4CE98025C0F47300C9B730 /* Data */ = {
			isa = PBXGroup;
			children = (
				5D4CE98125C0F48500C9B730 /* DataManager.swift */,
			);
			path = Data;
			sourceTree = "<group>";
		};
		5D4CE98425C107E200C9B730 /* Asset */ = {
			isa = PBXGroup;
			children = (
				5D4CE98525C107EA00C9B730 /* live.json */,
				5D4CE98625C107EA00C9B730 /* original.json */,
			);
			path = Asset;
			sourceTree = "<group>";
		};
		5D4CE99125C1A4FF00C9B730 /* ViewModel */ = {
			isa = PBXGroup;
			children = (
				5D4CE99325C1A6D000C9B730 /* TvCollectionViewCellModel.swift */,
			);
			path = ViewModel;
			sourceTree = "<group>";
		};
		5D4CE9A525C293CE00C9B730 /* View */ = {
			isa = PBXGroup;
			children = (
				5D4CE99E25C2656F00C9B730 /* MainTopView.swift */,
				5D4CE94A25BFD5DD00C9B730 /* MainTopView.xib */,
				5D4CE96F25C0186400C9B730 /* TvCollectionViewCell copy.swift */,
				5D4CE96925C0050A00C9B730 /* TvCollectionViewCell.xib */,
				5D4CE98A25C1093D00C9B730 /* TvCollectionView.swift */,
			);
			path = View;
			sourceTree = "<group>";
		};
		5D4CE9A625C293D400C9B730 /* Controller */ = {
			isa = PBXGroup;
			children = (
				5D4B73F325BE8492004417B3 /* MainViewController.swift */,
				5D4CE9A225C2786900C9B730 /* MainViewControllerAutoLayout.swift */,
				5D4CE9A725C2941A00C9B730 /* TvModelController.swift */,
			);
			path = Controller;
			sourceTree = "<group>";
		};
		5D50EE3025C2FC4C0049034B /* Service */ = {
			isa = PBXGroup;
			children = (
				5D50EE2D25C2FA4F0049034B /* TouchHandler.swift */,
				5D50EE3C25C3FC2E0049034B /* CoreDataManager.swift */,
			);
			path = Service;
			sourceTree = "<group>";
		};
		5D50EE3F25C3FCCF0049034B /* FavoritesTable */ = {
			isa = PBXGroup;
			children = (
				5D50EE4025C3FD030049034B /* FavoriteTableViewController.swift */,
			);
			path = FavoritesTable;
			sourceTree = "<group>";
		};
/* End PBXGroup section */

/* Begin PBXNativeTarget section */
		5D4B73EB25BE8492004417B3 /* TVApp */ = {
			isa = PBXNativeTarget;
			buildConfigurationList = 5D4B740325BE8495004417B3 /* Build configuration list for PBXNativeTarget "TVApp" */;
			buildPhases = (
				5D4B73E825BE8492004417B3 /* Sources */,
				5D4B73E925BE8492004417B3 /* Frameworks */,
				5D4B73EA25BE8492004417B3 /* Resources */,
				5D4CE95C25BFFB4D00C9B730 /* ShellScript */,
			);
			buildRules = (
			);
			dependencies = (
			);
			name = TVApp;
			productName = TVApp;
			productReference = 5D4B73EC25BE8492004417B3 /* TVApp.app */;
			productType = "com.apple.product-type.application";
		};
/* End PBXNativeTarget section */

/* Begin PBXProject section */
		5D4B73E425BE8492004417B3 /* Project object */ = {
			isa = PBXProject;
			attributes = {
				LastSwiftUpdateCheck = 1230;
				LastUpgradeCheck = 1230;
				TargetAttributes = {
					5D4B73EB25BE8492004417B3 = {
						CreatedOnToolsVersion = 12.3;
					};
				};
			};
			buildConfigurationList = 5D4B73E725BE8492004417B3 /* Build configuration list for PBXProject "TVApp" */;
			compatibilityVersion = "Xcode 9.3";
			developmentRegion = en;
			hasScannedForEncodings = 0;
			knownRegions = (
				en,
				Base,
			);
			mainGroup = 5D4B73E325BE8492004417B3;
			productRefGroup = 5D4B73ED25BE8492004417B3 /* Products */;
			projectDirPath = "";
			projectRoot = "";
			targets = (
				5D4B73EB25BE8492004417B3 /* TVApp */,
			);
		};
/* End PBXProject section */

/* Begin PBXResourcesBuildPhase section */
		5D4B73EA25BE8492004417B3 /* Resources */ = {
			isa = PBXResourcesBuildPhase;
			buildActionMask = 2147483647;
			files = (
				5D4CE96B25C0050A00C9B730 /* TvCollectionViewCell.xib in Resources */,
				5D4B73FF25BE8495004417B3 /* LaunchScreen.storyboard in Resources */,
				5D4B73FC25BE8495004417B3 /* Assets.xcassets in Resources */,
				5D4CE98825C107EA00C9B730 /* original.json in Resources */,
				5D4B73F725BE8492004417B3 /* Main.storyboard in Resources */,
				5D4CE94B25BFD5DD00C9B730 /* MainTopView.xib in Resources */,
				5D4CE98725C107EA00C9B730 /* live.json in Resources */,
			);
			runOnlyForDeploymentPostprocessing = 0;
		};
/* End PBXResourcesBuildPhase section */

/* Begin PBXShellScriptBuildPhase section */
		5D4CE95C25BFFB4D00C9B730 /* ShellScript */ = {
			isa = PBXShellScriptBuildPhase;
			buildActionMask = 2147483647;
			files = (
			);
			inputFileListPaths = (
			);
			inputPaths = (
			);
			outputFileListPaths = (
			);
			outputPaths = (
			);
			runOnlyForDeploymentPostprocessing = 0;
			shellPath = /bin/sh;
			shellScript = "if which swiftlint >/dev/null; then\n  swiftlint\nelse\n  echo \"warning: SwiftLint not installed, download from https://github.com/realm/SwiftLint\"\nfi\n";
		};
/* End PBXShellScriptBuildPhase section */

/* Begin PBXSourcesBuildPhase section */
		5D4B73E825BE8492004417B3 /* Sources */ = {
			isa = PBXSourcesBuildPhase;
			buildActionMask = 2147483647;
			files = (
				5D50EE4125C3FD030049034B /* FavoriteTableViewController.swift in Sources */,
				5D4B73F425BE8492004417B3 /* MainViewController.swift in Sources */,
				5D4CE98B25C1093D00C9B730 /* TvCollectionView.swift in Sources */,
				5D4CE99F25C2656F00C9B730 /* MainTopView.swift in Sources */,
				5D4B73FA25BE8492004417B3 /* TVApp.xcdatamodeld in Sources */,
				5D4CE9A325C2786900C9B730 /* MainViewControllerAutoLayout.swift in Sources */,
				5D50EE3D25C3FC2E0049034B /* CoreDataManager.swift in Sources */,
				5D4CE97625C04C6400C9B730 /* Network.swift in Sources */,
				5D50EE2E25C2FA4F0049034B /* TouchHandler.swift in Sources */,
				5D4B73F025BE8492004417B3 /* AppDelegate.swift in Sources */,
				5D4CE93F25BFB09300C9B730 /* ViewController+tabBarHeight.swift in Sources */,
				5D4B73F225BE8492004417B3 /* SceneDelegate.swift in Sources */,
				5D4CE97025C0186500C9B730 /* TvCollectionViewCell copy.swift in Sources */,
				5D4CE99425C1A6D000C9B730 /* TvCollectionViewCellModel.swift in Sources */,
				5D4CE97D25C055B700C9B730 /* TvUseCase.swift in Sources */,
				5D4CE98225C0F48500C9B730 /* DataManager.swift in Sources */,
				5D4CE9A825C2941A00C9B730 /* TvModelController.swift in Sources */,
				5D4CE97A25C04D8C00C9B730 /* TvModel.swift in Sources */,
			);
			runOnlyForDeploymentPostprocessing = 0;
		};
/* End PBXSourcesBuildPhase section */

/* Begin PBXVariantGroup section */
		5D4B73F525BE8492004417B3 /* Main.storyboard */ = {
			isa = PBXVariantGroup;
			children = (
				5D4B73F625BE8492004417B3 /* Base */,
			);
			name = Main.storyboard;
			sourceTree = "<group>";
		};
		5D4B73FD25BE8495004417B3 /* LaunchScreen.storyboard */ = {
			isa = PBXVariantGroup;
			children = (
				5D4B73FE25BE8495004417B3 /* Base */,
			);
			name = LaunchScreen.storyboard;
			sourceTree = "<group>";
		};
/* End PBXVariantGroup section */

/* Begin XCBuildConfiguration section */
		5D4B740125BE8495004417B3 /* Debug */ = {
			isa = XCBuildConfiguration;
			buildSettings = {
				ALWAYS_SEARCH_USER_PATHS = NO;
				CLANG_ANALYZER_NONNULL = YES;
				CLANG_ANALYZER_NUMBER_OBJECT_CONVERSION = YES_AGGRESSIVE;
				CLANG_CXX_LANGUAGE_STANDARD = "gnu++14";
				CLANG_CXX_LIBRARY = "libc++";
				CLANG_ENABLE_MODULES = YES;
				CLANG_ENABLE_OBJC_ARC = YES;
				CLANG_ENABLE_OBJC_WEAK = YES;
				CLANG_WARN_BLOCK_CAPTURE_AUTORELEASING = YES;
				CLANG_WARN_BOOL_CONVERSION = YES;
				CLANG_WARN_COMMA = YES;
				CLANG_WARN_CONSTANT_CONVERSION = YES;
				CLANG_WARN_DEPRECATED_OBJC_IMPLEMENTATIONS = YES;
				CLANG_WARN_DIRECT_OBJC_ISA_USAGE = YES_ERROR;
				CLANG_WARN_DOCUMENTATION_COMMENTS = YES;
				CLANG_WARN_EMPTY_BODY = YES;
				CLANG_WARN_ENUM_CONVERSION = YES;
				CLANG_WARN_INFINITE_RECURSION = YES;
				CLANG_WARN_INT_CONVERSION = YES;
				CLANG_WARN_NON_LITERAL_NULL_CONVERSION = YES;
				CLANG_WARN_OBJC_IMPLICIT_RETAIN_SELF = YES;
				CLANG_WARN_OBJC_LITERAL_CONVERSION = YES;
				CLANG_WARN_OBJC_ROOT_CLASS = YES_ERROR;
				CLANG_WARN_QUOTED_INCLUDE_IN_FRAMEWORK_HEADER = YES;
				CLANG_WARN_RANGE_LOOP_ANALYSIS = YES;
				CLANG_WARN_STRICT_PROTOTYPES = YES;
				CLANG_WARN_SUSPICIOUS_MOVE = YES;
				CLANG_WARN_UNGUARDED_AVAILABILITY = YES_AGGRESSIVE;
				CLANG_WARN_UNREACHABLE_CODE = YES;
				CLANG_WARN__DUPLICATE_METHOD_MATCH = YES;
				COPY_PHASE_STRIP = NO;
				DEBUG_INFORMATION_FORMAT = dwarf;
				ENABLE_STRICT_OBJC_MSGSEND = YES;
				ENABLE_TESTABILITY = YES;
				GCC_C_LANGUAGE_STANDARD = gnu11;
				GCC_DYNAMIC_NO_PIC = NO;
				GCC_NO_COMMON_BLOCKS = YES;
				GCC_OPTIMIZATION_LEVEL = 0;
				GCC_PREPROCESSOR_DEFINITIONS = (
					"DEBUG=1",
					"$(inherited)",
				);
				GCC_WARN_64_TO_32_BIT_CONVERSION = YES;
				GCC_WARN_ABOUT_RETURN_TYPE = YES_ERROR;
				GCC_WARN_UNDECLARED_SELECTOR = YES;
				GCC_WARN_UNINITIALIZED_AUTOS = YES_AGGRESSIVE;
				GCC_WARN_UNUSED_FUNCTION = YES;
				GCC_WARN_UNUSED_VARIABLE = YES;
				IPHONEOS_DEPLOYMENT_TARGET = 14.3;
				MTL_ENABLE_DEBUG_INFO = INCLUDE_SOURCE;
				MTL_FAST_MATH = YES;
				ONLY_ACTIVE_ARCH = YES;
				SDKROOT = iphoneos;
				SWIFT_ACTIVE_COMPILATION_CONDITIONS = DEBUG;
				SWIFT_OPTIMIZATION_LEVEL = "-Onone";
			};
			name = Debug;
		};
		5D4B740225BE8495004417B3 /* Release */ = {
			isa = XCBuildConfiguration;
			buildSettings = {
				ALWAYS_SEARCH_USER_PATHS = NO;
				CLANG_ANALYZER_NONNULL = YES;
				CLANG_ANALYZER_NUMBER_OBJECT_CONVERSION = YES_AGGRESSIVE;
				CLANG_CXX_LANGUAGE_STANDARD = "gnu++14";
				CLANG_CXX_LIBRARY = "libc++";
				CLANG_ENABLE_MODULES = YES;
				CLANG_ENABLE_OBJC_ARC = YES;
				CLANG_ENABLE_OBJC_WEAK = YES;
				CLANG_WARN_BLOCK_CAPTURE_AUTORELEASING = YES;
				CLANG_WARN_BOOL_CONVERSION = YES;
				CLANG_WARN_COMMA = YES;
				CLANG_WARN_CONSTANT_CONVERSION = YES;
				CLANG_WARN_DEPRECATED_OBJC_IMPLEMENTATIONS = YES;
				CLANG_WARN_DIRECT_OBJC_ISA_USAGE = YES_ERROR;
				CLANG_WARN_DOCUMENTATION_COMMENTS = YES;
				CLANG_WARN_EMPTY_BODY = YES;
				CLANG_WARN_ENUM_CONVERSION = YES;
				CLANG_WARN_INFINITE_RECURSION = YES;
				CLANG_WARN_INT_CONVERSION = YES;
				CLANG_WARN_NON_LITERAL_NULL_CONVERSION = YES;
				CLANG_WARN_OBJC_IMPLICIT_RETAIN_SELF = YES;
				CLANG_WARN_OBJC_LITERAL_CONVERSION = YES;
				CLANG_WARN_OBJC_ROOT_CLASS = YES_ERROR;
				CLANG_WARN_QUOTED_INCLUDE_IN_FRAMEWORK_HEADER = YES;
				CLANG_WARN_RANGE_LOOP_ANALYSIS = YES;
				CLANG_WARN_STRICT_PROTOTYPES = YES;
				CLANG_WARN_SUSPICIOUS_MOVE = YES;
				CLANG_WARN_UNGUARDED_AVAILABILITY = YES_AGGRESSIVE;
				CLANG_WARN_UNREACHABLE_CODE = YES;
				CLANG_WARN__DUPLICATE_METHOD_MATCH = YES;
				COPY_PHASE_STRIP = NO;
				DEBUG_INFORMATION_FORMAT = "dwarf-with-dsym";
				ENABLE_NS_ASSERTIONS = NO;
				ENABLE_STRICT_OBJC_MSGSEND = YES;
				GCC_C_LANGUAGE_STANDARD = gnu11;
				GCC_NO_COMMON_BLOCKS = YES;
				GCC_WARN_64_TO_32_BIT_CONVERSION = YES;
				GCC_WARN_ABOUT_RETURN_TYPE = YES_ERROR;
				GCC_WARN_UNDECLARED_SELECTOR = YES;
				GCC_WARN_UNINITIALIZED_AUTOS = YES_AGGRESSIVE;
				GCC_WARN_UNUSED_FUNCTION = YES;
				GCC_WARN_UNUSED_VARIABLE = YES;
				IPHONEOS_DEPLOYMENT_TARGET = 14.3;
				MTL_ENABLE_DEBUG_INFO = NO;
				MTL_FAST_MATH = YES;
				SDKROOT = iphoneos;
				SWIFT_COMPILATION_MODE = wholemodule;
				SWIFT_OPTIMIZATION_LEVEL = "-O";
				VALIDATE_PRODUCT = YES;
			};
			name = Release;
		};
		5D4B740425BE8495004417B3 /* Debug */ = {
			isa = XCBuildConfiguration;
			buildSettings = {
				ASSETCATALOG_COMPILER_APPICON_NAME = AppIcon;
				ASSETCATALOG_COMPILER_GLOBAL_ACCENT_COLOR_NAME = AccentColor;
				CODE_SIGN_STYLE = Automatic;
				INFOPLIST_FILE = TVApp/Info.plist;
				LD_RUNPATH_SEARCH_PATHS = (
					"$(inherited)",
					"@executable_path/Frameworks",
				);
				PRODUCT_BUNDLE_IDENTIFIER = com.bean.TVApp;
				PRODUCT_NAME = "$(TARGET_NAME)";
				SWIFT_VERSION = 5.0;
				TARGETED_DEVICE_FAMILY = "1,2";
			};
			name = Debug;
		};
		5D4B740525BE8495004417B3 /* Release */ = {
			isa = XCBuildConfiguration;
			buildSettings = {
				ASSETCATALOG_COMPILER_APPICON_NAME = AppIcon;
				ASSETCATALOG_COMPILER_GLOBAL_ACCENT_COLOR_NAME = AccentColor;
				CODE_SIGN_STYLE = Automatic;
				INFOPLIST_FILE = TVApp/Info.plist;
				LD_RUNPATH_SEARCH_PATHS = (
					"$(inherited)",
					"@executable_path/Frameworks",
				);
				PRODUCT_BUNDLE_IDENTIFIER = com.bean.TVApp;
				PRODUCT_NAME = "$(TARGET_NAME)";
				SWIFT_VERSION = 5.0;
				TARGETED_DEVICE_FAMILY = "1,2";
			};
			name = Release;
		};
/* End XCBuildConfiguration section */

/* Begin XCConfigurationList section */
		5D4B73E725BE8492004417B3 /* Build configuration list for PBXProject "TVApp" */ = {
			isa = XCConfigurationList;
			buildConfigurations = (
				5D4B740125BE8495004417B3 /* Debug */,
				5D4B740225BE8495004417B3 /* Release */,
			);
			defaultConfigurationIsVisible = 0;
			defaultConfigurationName = Release;
		};
		5D4B740325BE8495004417B3 /* Build configuration list for PBXNativeTarget "TVApp" */ = {
			isa = XCConfigurationList;
			buildConfigurations = (
				5D4B740425BE8495004417B3 /* Debug */,
				5D4B740525BE8495004417B3 /* Release */,
			);
			defaultConfigurationIsVisible = 0;
			defaultConfigurationName = Release;
		};
/* End XCConfigurationList section */

/* Begin XCVersionGroup section */
		5D4B73F825BE8492004417B3 /* TVApp.xcdatamodeld */ = {
			isa = XCVersionGroup;
			children = (
				5D4B73F925BE8492004417B3 /* TVApp.xcdatamodel */,
			);
			currentVersion = 5D4B73F925BE8492004417B3 /* TVApp.xcdatamodel */;
			path = TVApp.xcdatamodeld;
			sourceTree = "<group>";
			versionGroupType = wrapper.xcdatamodel;
		};
/* End XCVersionGroup section */
	};
	rootObject = 5D4B73E425BE8492004417B3 /* Project object */;
}
